
Microsoft Visual Studio Solution File, Format Version 12.00
# Visual Studio 2013
VisualStudioVersion = 12.0.31101.0
MinimumVisualStudioVersion = 10.0.40219.1
Project("{2150E333-8FDC-42A3-9474-1A3956D46DE8}") = "Bridge", "Bridge", "{32B4E540-81E6-4E3F-8383-5813786DC899}"
EndProject
Project("{2150E333-8FDC-42A3-9474-1A3956D46DE8}") = "Frameworks", "Frameworks", "{7C762820-1165-4EB4-B7A3-3BB45DF33CE7}"
EndProject
Project("{FAE04EC0-301F-11D3-BF4B-00C04F79EFBC}") = "Bridge.jQuery2", "..\Frameworks\jQuery2\Bridge.jQuery2.csproj", "{BCCFB816-2F7F-4693-A16B-2BC0A7B39085}"
EndProject
Project("{FAE04EC0-301F-11D3-BF4B-00C04F79EFBC}") = "Bridge.Bootstrap3", "..\Frameworks\Bootstrap3\Bridge.Bootstrap3.csproj", "{E2C8A4F9-8525-40E6-A076-38F91F602975}"
EndProject
Project("{FAE04EC0-301F-11D3-BF4B-00C04F79EFBC}") = "Bridge", "Bridge\Bridge.csproj", "{DE78B8B7-C0F5-415B-A70B-02194433F450}"
EndProject
Project("{FAE04EC0-301F-11D3-BF4B-00C04F79EFBC}") = "Bridge.Html5", "Html5\Bridge.Html5.csproj", "{99DECD28-D3E3-4EA7-ACAE-AB5DFC9913BD}"
EndProject
Project("{FAE04EC0-301F-11D3-BF4B-00C04F79EFBC}") = "Bridge.QUnit", "..\Frameworks\QUnit\Bridge.QUnit.csproj", "{96CB97F5-1BAC-433D-B5CE-AD6E7B244F12}"
EndProject
Project("{FAE04EC0-301F-11D3-BF4B-00C04F79EFBC}") = "Bridge.WebGL", "..\Frameworks\WebGL\Bridge.WebGL.csproj", "{476C2F05-4770-481C-90D1-8353E5F379DC}"
EndProject
Project("{2150E333-8FDC-42A3-9474-1A3956D46DE8}") = ".nuget", ".nuget", "{1BFC6A0F-66E2-4BF4-9BB3-44B347EA3CF5}"
	ProjectSection(SolutionItems) = preProject
		.nuget\NuGet.Config = .nuget\NuGet.Config
		.nuget\NuGet.exe = .nuget\NuGet.exe
		.nuget\NuGet.targets = .nuget\NuGet.targets
	EndProjectSection
EndProject
Project("{FAE04EC0-301F-11D3-BF4B-00C04F79EFBC}") = "Bridge.Collections", "..\Frameworks\Collections\Bridge.Collections.csproj", "{2F36A7E8-FC89-49A9-8161-5BBBE8F66A3A}"
EndProject
Project("{FAE04EC0-301F-11D3-BF4B-00C04F79EFBC}") = "Bridge.AngularJS", "..\Frameworks\AngularJS\Bridge.AngularJS.csproj", "{CFD49E9D-FA2D-46A6-B50D-8D114F07C07C}"
EndProject
Global
	GlobalSection(SolutionConfigurationPlatforms) = preSolution
		Debug|Any CPU = Debug|Any CPU
		Release|Any CPU = Release|Any CPU
	EndGlobalSection
	GlobalSection(ProjectConfigurationPlatforms) = postSolution
		{BCCFB816-2F7F-4693-A16B-2BC0A7B39085}.Debug|Any CPU.ActiveCfg = Debug|Any CPU
		{BCCFB816-2F7F-4693-A16B-2BC0A7B39085}.Debug|Any CPU.Build.0 = Debug|Any CPU
		{BCCFB816-2F7F-4693-A16B-2BC0A7B39085}.Release|Any CPU.ActiveCfg = Release|Any CPU
		{BCCFB816-2F7F-4693-A16B-2BC0A7B39085}.Release|Any CPU.Build.0 = Release|Any CPU
		{E2C8A4F9-8525-40E6-A076-38F91F602975}.Debug|Any CPU.ActiveCfg = Debug|Any CPU
		{E2C8A4F9-8525-40E6-A076-38F91F602975}.Debug|Any CPU.Build.0 = Debug|Any CPU
		{E2C8A4F9-8525-40E6-A076-38F91F602975}.Release|Any CPU.ActiveCfg = Release|Any CPU
		{E2C8A4F9-8525-40E6-A076-38F91F602975}.Release|Any CPU.Build.0 = Release|Any CPU
		{DE78B8B7-C0F5-415B-A70B-02194433F450}.Debug|Any CPU.ActiveCfg = Debug|Any CPU
		{DE78B8B7-C0F5-415B-A70B-02194433F450}.Debug|Any CPU.Build.0 = Debug|Any CPU
		{DE78B8B7-C0F5-415B-A70B-02194433F450}.Release|Any CPU.ActiveCfg = Release|Any CPU
		{DE78B8B7-C0F5-415B-A70B-02194433F450}.Release|Any CPU.Build.0 = Release|Any CPU
		{99DECD28-D3E3-4EA7-ACAE-AB5DFC9913BD}.Debug|Any CPU.ActiveCfg = Debug|Any CPU
		{99DECD28-D3E3-4EA7-ACAE-AB5DFC9913BD}.Debug|Any CPU.Build.0 = Debug|Any CPU
		{99DECD28-D3E3-4EA7-ACAE-AB5DFC9913BD}.Release|Any CPU.ActiveCfg = Release|Any CPU
		{99DECD28-D3E3-4EA7-ACAE-AB5DFC9913BD}.Release|Any CPU.Build.0 = Release|Any CPU
		{96CB97F5-1BAC-433D-B5CE-AD6E7B244F12}.Debug|Any CPU.ActiveCfg = Debug|Any CPU
		{96CB97F5-1BAC-433D-B5CE-AD6E7B244F12}.Debug|Any CPU.Build.0 = Debug|Any CPU
		{96CB97F5-1BAC-433D-B5CE-AD6E7B244F12}.Release|Any CPU.ActiveCfg = Release|Any CPU
		{96CB97F5-1BAC-433D-B5CE-AD6E7B244F12}.Release|Any CPU.Build.0 = Release|Any CPU
		{476C2F05-4770-481C-90D1-8353E5F379DC}.Debug|Any CPU.ActiveCfg = Debug|Any CPU
		{476C2F05-4770-481C-90D1-8353E5F379DC}.Debug|Any CPU.Build.0 = Debug|Any CPU
		{476C2F05-4770-481C-90D1-8353E5F379DC}.Release|Any CPU.ActiveCfg = Release|Any CPU
		{476C2F05-4770-481C-90D1-8353E5F379DC}.Release|Any CPU.Build.0 = Release|Any CPU
		{2F36A7E8-FC89-49A9-8161-5BBBE8F66A3A}.Debug|Any CPU.ActiveCfg = Debug|Any CPU
		{2F36A7E8-FC89-49A9-8161-5BBBE8F66A3A}.Debug|Any CPU.Build.0 = Debug|Any CPU
		{2F36A7E8-FC89-49A9-8161-5BBBE8F66A3A}.Release|Any CPU.ActiveCfg = Release|Any CPU
		{2F36A7E8-FC89-49A9-8161-5BBBE8F66A3A}.Release|Any CPU.Build.0 = Release|Any CPU
		{CFD49E9D-FA2D-46A6-B50D-8D114F07C07C}.Debug|Any CPU.ActiveCfg = Debug|Any CPU
		{CFD49E9D-FA2D-46A6-B50D-8D114F07C07C}.Debug|Any CPU.Build.0 = Debug|Any CPU
		{CFD49E9D-FA2D-46A6-B50D-8D114F07C07C}.Release|Any CPU.ActiveCfg = Release|Any CPU
		{CFD49E9D-FA2D-46A6-B50D-8D114F07C07C}.Release|Any CPU.Build.0 = Release|Any CPU
	EndGlobalSection
	GlobalSection(SolutionProperties) = preSolution
		HideSolutionNode = FALSE
	EndGlobalSection
	GlobalSection(NestedProjects) = preSolution
		{BCCFB816-2F7F-4693-A16B-2BC0A7B39085} = {7C762820-1165-4EB4-B7A3-3BB45DF33CE7}
		{E2C8A4F9-8525-40E6-A076-38F91F602975} = {7C762820-1165-4EB4-B7A3-3BB45DF33CE7}
		{DE78B8B7-C0F5-415B-A70B-02194433F450} = {32B4E540-81E6-4E3F-8383-5813786DC899}
		{99DECD28-D3E3-4EA7-ACAE-AB5DFC9913BD} = {32B4E540-81E6-4E3F-8383-5813786DC899}
		{96CB97F5-1BAC-433D-B5CE-AD6E7B244F12} = {7C762820-1165-4EB4-B7A3-3BB45DF33CE7}
		{476C2F05-4770-481C-90D1-8353E5F379DC} = {7C762820-1165-4EB4-B7A3-3BB45DF33CE7}
		{2F36A7E8-FC89-49A9-8161-5BBBE8F66A3A} = {7C762820-1165-4EB4-B7A3-3BB45DF33CE7}
		{CFD49E9D-FA2D-46A6-B50D-8D114F07C07C} = {7C762820-1165-4EB4-B7A3-3BB45DF33CE7}
	EndGlobalSection
EndGlobal
