
Microsoft Visual Studio Solution File, Format Version 12.00
# Visual Studio 2013
VisualStudioVersion = 12.0.40629.0
MinimumVisualStudioVersion = 10.0.40219.1
Project("{FAE04EC0-301F-11D3-BF4B-00C04F79EFBC}") = "Bridge.Test.Plugin", "..\Test\Bridge.Test.Plugin\Bridge.Test.Plugin.csproj", "{0967F040-CECC-4B33-9EBA-775111D001CB}"
	ProjectSection(ProjectDependencies) = postProject
		{44124331-C60A-4071-B387-4B8E71324B10} = {44124331-C60A-4071-B387-4B8E71324B10}
	EndProjectSection
EndProject
Project("{FAE04EC0-301F-11D3-BF4B-00C04F79EFBC}") = "Bridge.Test", "..\Test\Bridge.Test\Bridge.Test.csproj", "{880F8D17-853C-4864-BE92-EDCF04654FDD}"
	ProjectSection(ProjectDependencies) = postProject
		{DE78B8B7-C0F5-415B-A70B-02194433F450} = {DE78B8B7-C0F5-415B-A70B-02194433F450}
	EndProjectSection
EndProject
Project("{FAE04EC0-301F-11D3-BF4B-00C04F79EFBC}") = "Demo", "..\Test\Demo\Demo.csproj", "{5C2113CC-5853-4B7E-BC65-8BADAD0E19B2}"
	ProjectSection(ProjectDependencies) = postProject
		{44124331-C60A-4071-B387-4B8E71324B10} = {44124331-C60A-4071-B387-4B8E71324B10}
		{0967F040-CECC-4B33-9EBA-775111D001CB} = {0967F040-CECC-4B33-9EBA-775111D001CB}
		{F6C604F2-A484-4DE6-8E6D-48DD22F4DE03} = {F6C604F2-A484-4DE6-8E6D-48DD22F4DE03}
	EndProjectSection
EndProject
Project("{FAE04EC0-301F-11D3-BF4B-00C04F79EFBC}") = "Bridge.Sandbox", "..\Sandbox\Sandbox\Bridge.Sandbox.csproj", "{82F62EA8-8F17-4922-94D4-466E1B453AE9}"
	ProjectSection(ProjectDependencies) = postProject
		{243BB709-3912-4C65-82D4-787A5E2201D7} = {243BB709-3912-4C65-82D4-787A5E2201D7}
		{28703D12-116A-4968-BD85-F26D7F7E7DA4} = {28703D12-116A-4968-BD85-F26D7F7E7DA4}
		{880F8D17-853C-4864-BE92-EDCF04654FDD} = {880F8D17-853C-4864-BE92-EDCF04654FDD}
		{99DECD28-D3E3-4EA7-ACAE-AB5DFC9913BD} = {99DECD28-D3E3-4EA7-ACAE-AB5DFC9913BD}
		{44124331-C60A-4071-B387-4B8E71324B10} = {44124331-C60A-4071-B387-4B8E71324B10}
		{52AE9E3E-6929-4720-AB7A-F9F22B9A8972} = {52AE9E3E-6929-4720-AB7A-F9F22B9A8972}
		{0967F040-CECC-4B33-9EBA-775111D001CB} = {0967F040-CECC-4B33-9EBA-775111D001CB}
		{DE78B8B7-C0F5-415B-A70B-02194433F450} = {DE78B8B7-C0F5-415B-A70B-02194433F450}
		{5C2113CC-5853-4B7E-BC65-8BADAD0E19B2} = {5C2113CC-5853-4B7E-BC65-8BADAD0E19B2}
		{B54DD6E7-526D-4BD4-BCCA-8DCB1AB12A23} = {B54DD6E7-526D-4BD4-BCCA-8DCB1AB12A23}
		{F6C604F2-A484-4DE6-8E6D-48DD22F4DE03} = {F6C604F2-A484-4DE6-8E6D-48DD22F4DE03}
		{96CB97F5-1BAC-433D-B5CE-AD6E7B244F12} = {96CB97F5-1BAC-433D-B5CE-AD6E7B244F12}
	EndProjectSection
EndProject
Project("{FAE04EC0-301F-11D3-BF4B-00C04F79EFBC}") = "Bridge.QUnit", "..\Frameworks\QUnit\Bridge.QUnit.csproj", "{96CB97F5-1BAC-433D-B5CE-AD6E7B244F12}"
	ProjectSection(ProjectDependencies) = postProject
		{99DECD28-D3E3-4EA7-ACAE-AB5DFC9913BD} = {99DECD28-D3E3-4EA7-ACAE-AB5DFC9913BD}
		{DE78B8B7-C0F5-415B-A70B-02194433F450} = {DE78B8B7-C0F5-415B-A70B-02194433F450}
	EndProjectSection
EndProject
Project("{FAE04EC0-301F-11D3-BF4B-00C04F79EFBC}") = "Bridge.Translator", "Compiler\Translator\Bridge.Translator.csproj", "{44124331-C60A-4071-B387-4B8E71324B10}"
	ProjectSection(ProjectDependencies) = postProject
		{52AE9E3E-6929-4720-AB7A-F9F22B9A8972} = {52AE9E3E-6929-4720-AB7A-F9F22B9A8972}
	EndProjectSection
EndProject
Project("{FAE04EC0-301F-11D3-BF4B-00C04F79EFBC}") = "Bridge.Contract", "Compiler\Contract\Bridge.Contract.csproj", "{52AE9E3E-6929-4720-AB7A-F9F22B9A8972}"
EndProject
Project("{FAE04EC0-301F-11D3-BF4B-00C04F79EFBC}") = "Bridge.Test.Plugin.QUnit", "..\Test\Bridge.Test.Plugin.QUnit\Bridge.Test.Plugin.QUnit.csproj", "{F6C604F2-A484-4DE6-8E6D-48DD22F4DE03}"
EndProject
Project("{FAE04EC0-301F-11D3-BF4B-00C04F79EFBC}") = "client", "..\Test\client\client.csproj", "{B54DD6E7-526D-4BD4-BCCA-8DCB1AB12A23}"
	ProjectSection(ProjectDependencies) = postProject
		{44124331-C60A-4071-B387-4B8E71324B10} = {44124331-C60A-4071-B387-4B8E71324B10}
		{0967F040-CECC-4B33-9EBA-775111D001CB} = {0967F040-CECC-4B33-9EBA-775111D001CB}
		{F6C604F2-A484-4DE6-8E6D-48DD22F4DE03} = {F6C604F2-A484-4DE6-8E6D-48DD22F4DE03}
	EndProjectSection
EndProject
Project("{FAE04EC0-301F-11D3-BF4B-00C04F79EFBC}") = "Bridge", "Bridge\Bridge.csproj", "{DE78B8B7-C0F5-415B-A70B-02194433F450}"
EndProject
Project("{FAE04EC0-301F-11D3-BF4B-00C04F79EFBC}") = "Bridge.Html5", "Html5\Bridge.Html5.csproj", "{99DECD28-D3E3-4EA7-ACAE-AB5DFC9913BD}"
EndProject
Project("{FAE04EC0-301F-11D3-BF4B-00C04F79EFBC}") = "Bridge.Builder", "Compiler\Builder\Bridge.Builder.csproj", "{243BB709-3912-4C65-82D4-787A5E2201D7}"
EndProject
Project("{FAE04EC0-301F-11D3-BF4B-00C04F79EFBC}") = "Bridge.Build", "Compiler\Build\Bridge.Build.csproj", "{28703D12-116A-4968-BD85-F26D7F7E7DA4}"
EndProject
Global
	GlobalSection(SolutionConfigurationPlatforms) = preSolution
		Debug_NoAsync|Any CPU = Debug_NoAsync|Any CPU
		Debug_NoAsync|Mixed Platforms = Debug_NoAsync|Mixed Platforms
		Debug_NoAsync|x86 = Debug_NoAsync|x86
		Debug|Any CPU = Debug|Any CPU
		Debug|Mixed Platforms = Debug|Mixed Platforms
		Debug|x86 = Debug|x86
		Release_NoAsync|Any CPU = Release_NoAsync|Any CPU
		Release_NoAsync|Mixed Platforms = Release_NoAsync|Mixed Platforms
		Release_NoAsync|x86 = Release_NoAsync|x86
		Release|Any CPU = Release|Any CPU
		Release|Mixed Platforms = Release|Mixed Platforms
		Release|x86 = Release|x86
	EndGlobalSection
	GlobalSection(ProjectConfigurationPlatforms) = postSolution
		{0967F040-CECC-4B33-9EBA-775111D001CB}.Debug_NoAsync|Any CPU.ActiveCfg = Debug|Any CPU
		{0967F040-CECC-4B33-9EBA-775111D001CB}.Debug_NoAsync|Any CPU.Build.0 = Debug|Any CPU
		{0967F040-CECC-4B33-9EBA-775111D001CB}.Debug_NoAsync|Mixed Platforms.ActiveCfg = Debug|Any CPU
		{0967F040-CECC-4B33-9EBA-775111D001CB}.Debug_NoAsync|Mixed Platforms.Build.0 = Debug|Any CPU
		{0967F040-CECC-4B33-9EBA-775111D001CB}.Debug_NoAsync|x86.ActiveCfg = Debug|Any CPU
		{0967F040-CECC-4B33-9EBA-775111D001CB}.Debug|Any CPU.ActiveCfg = Debug|Any CPU
		{0967F040-CECC-4B33-9EBA-775111D001CB}.Debug|Any CPU.Build.0 = Debug|Any CPU
		{0967F040-CECC-4B33-9EBA-775111D001CB}.Debug|Mixed Platforms.ActiveCfg = Debug|Any CPU
		{0967F040-CECC-4B33-9EBA-775111D001CB}.Debug|Mixed Platforms.Build.0 = Debug|Any CPU
		{0967F040-CECC-4B33-9EBA-775111D001CB}.Debug|x86.ActiveCfg = Debug|Any CPU
		{0967F040-CECC-4B33-9EBA-775111D001CB}.Release_NoAsync|Any CPU.ActiveCfg = Release|Any CPU
		{0967F040-CECC-4B33-9EBA-775111D001CB}.Release_NoAsync|Any CPU.Build.0 = Release|Any CPU
		{0967F040-CECC-4B33-9EBA-775111D001CB}.Release_NoAsync|Mixed Platforms.ActiveCfg = Release|Any CPU
		{0967F040-CECC-4B33-9EBA-775111D001CB}.Release_NoAsync|Mixed Platforms.Build.0 = Release|Any CPU
		{0967F040-CECC-4B33-9EBA-775111D001CB}.Release_NoAsync|x86.ActiveCfg = Release|Any CPU
		{0967F040-CECC-4B33-9EBA-775111D001CB}.Release|Any CPU.ActiveCfg = Release|Any CPU
		{0967F040-CECC-4B33-9EBA-775111D001CB}.Release|Any CPU.Build.0 = Release|Any CPU
		{0967F040-CECC-4B33-9EBA-775111D001CB}.Release|Mixed Platforms.ActiveCfg = Release|Any CPU
		{0967F040-CECC-4B33-9EBA-775111D001CB}.Release|Mixed Platforms.Build.0 = Release|Any CPU
		{0967F040-CECC-4B33-9EBA-775111D001CB}.Release|x86.ActiveCfg = Release|Any CPU
		{880F8D17-853C-4864-BE92-EDCF04654FDD}.Debug_NoAsync|Any CPU.ActiveCfg = Debug|Any CPU
		{880F8D17-853C-4864-BE92-EDCF04654FDD}.Debug_NoAsync|Any CPU.Build.0 = Debug|Any CPU
		{880F8D17-853C-4864-BE92-EDCF04654FDD}.Debug_NoAsync|Mixed Platforms.ActiveCfg = Debug|Any CPU
		{880F8D17-853C-4864-BE92-EDCF04654FDD}.Debug_NoAsync|Mixed Platforms.Build.0 = Debug|Any CPU
		{880F8D17-853C-4864-BE92-EDCF04654FDD}.Debug_NoAsync|x86.ActiveCfg = Debug|Any CPU
		{880F8D17-853C-4864-BE92-EDCF04654FDD}.Debug|Any CPU.ActiveCfg = Debug|Any CPU
		{880F8D17-853C-4864-BE92-EDCF04654FDD}.Debug|Any CPU.Build.0 = Debug|Any CPU
		{880F8D17-853C-4864-BE92-EDCF04654FDD}.Debug|Mixed Platforms.ActiveCfg = Debug|Any CPU
		{880F8D17-853C-4864-BE92-EDCF04654FDD}.Debug|Mixed Platforms.Build.0 = Debug|Any CPU
		{880F8D17-853C-4864-BE92-EDCF04654FDD}.Debug|x86.ActiveCfg = Debug|Any CPU
		{880F8D17-853C-4864-BE92-EDCF04654FDD}.Release_NoAsync|Any CPU.ActiveCfg = Release|Any CPU
		{880F8D17-853C-4864-BE92-EDCF04654FDD}.Release_NoAsync|Any CPU.Build.0 = Release|Any CPU
		{880F8D17-853C-4864-BE92-EDCF04654FDD}.Release_NoAsync|Mixed Platforms.ActiveCfg = Release|Any CPU
		{880F8D17-853C-4864-BE92-EDCF04654FDD}.Release_NoAsync|Mixed Platforms.Build.0 = Release|Any CPU
		{880F8D17-853C-4864-BE92-EDCF04654FDD}.Release_NoAsync|x86.ActiveCfg = Release|Any CPU
		{880F8D17-853C-4864-BE92-EDCF04654FDD}.Release|Any CPU.ActiveCfg = Release|Any CPU
		{880F8D17-853C-4864-BE92-EDCF04654FDD}.Release|Any CPU.Build.0 = Release|Any CPU
		{880F8D17-853C-4864-BE92-EDCF04654FDD}.Release|Mixed Platforms.ActiveCfg = Release|Any CPU
		{880F8D17-853C-4864-BE92-EDCF04654FDD}.Release|Mixed Platforms.Build.0 = Release|Any CPU
		{880F8D17-853C-4864-BE92-EDCF04654FDD}.Release|x86.ActiveCfg = Release|Any CPU
		{5C2113CC-5853-4B7E-BC65-8BADAD0E19B2}.Debug_NoAsync|Any CPU.ActiveCfg = Debug|Any CPU
		{5C2113CC-5853-4B7E-BC65-8BADAD0E19B2}.Debug_NoAsync|Mixed Platforms.ActiveCfg = Debug|Any CPU
		{5C2113CC-5853-4B7E-BC65-8BADAD0E19B2}.Debug_NoAsync|x86.ActiveCfg = Debug|Any CPU
		{5C2113CC-5853-4B7E-BC65-8BADAD0E19B2}.Debug|Any CPU.ActiveCfg = Debug|Any CPU
		{5C2113CC-5853-4B7E-BC65-8BADAD0E19B2}.Debug|Any CPU.Build.0 = Debug|Any CPU
		{5C2113CC-5853-4B7E-BC65-8BADAD0E19B2}.Debug|Mixed Platforms.ActiveCfg = Debug|Any CPU
		{5C2113CC-5853-4B7E-BC65-8BADAD0E19B2}.Debug|Mixed Platforms.Build.0 = Debug|Any CPU
		{5C2113CC-5853-4B7E-BC65-8BADAD0E19B2}.Debug|x86.ActiveCfg = Debug|Any CPU
		{5C2113CC-5853-4B7E-BC65-8BADAD0E19B2}.Release_NoAsync|Any CPU.ActiveCfg = Release|Any CPU
		{5C2113CC-5853-4B7E-BC65-8BADAD0E19B2}.Release_NoAsync|Mixed Platforms.ActiveCfg = Release|Any CPU
		{5C2113CC-5853-4B7E-BC65-8BADAD0E19B2}.Release_NoAsync|x86.ActiveCfg = Release|Any CPU
		{5C2113CC-5853-4B7E-BC65-8BADAD0E19B2}.Release|Any CPU.ActiveCfg = Release|Any CPU
		{5C2113CC-5853-4B7E-BC65-8BADAD0E19B2}.Release|Any CPU.Build.0 = Release|Any CPU
		{5C2113CC-5853-4B7E-BC65-8BADAD0E19B2}.Release|Mixed Platforms.ActiveCfg = Release|Any CPU
		{5C2113CC-5853-4B7E-BC65-8BADAD0E19B2}.Release|Mixed Platforms.Build.0 = Release|Any CPU
		{5C2113CC-5853-4B7E-BC65-8BADAD0E19B2}.Release|x86.ActiveCfg = Release|Any CPU
		{82F62EA8-8F17-4922-94D4-466E1B453AE9}.Debug_NoAsync|Any CPU.ActiveCfg = Debug|Any CPU
		{82F62EA8-8F17-4922-94D4-466E1B453AE9}.Debug_NoAsync|Any CPU.Build.0 = Debug|Any CPU
		{82F62EA8-8F17-4922-94D4-466E1B453AE9}.Debug_NoAsync|Mixed Platforms.ActiveCfg = Debug|Any CPU
		{82F62EA8-8F17-4922-94D4-466E1B453AE9}.Debug_NoAsync|Mixed Platforms.Build.0 = Debug|Any CPU
		{82F62EA8-8F17-4922-94D4-466E1B453AE9}.Debug_NoAsync|x86.ActiveCfg = Debug|Any CPU
		{82F62EA8-8F17-4922-94D4-466E1B453AE9}.Debug|Any CPU.ActiveCfg = Debug|Any CPU
		{82F62EA8-8F17-4922-94D4-466E1B453AE9}.Debug|Any CPU.Build.0 = Debug|Any CPU
		{82F62EA8-8F17-4922-94D4-466E1B453AE9}.Debug|Mixed Platforms.ActiveCfg = Debug|Any CPU
		{82F62EA8-8F17-4922-94D4-466E1B453AE9}.Debug|Mixed Platforms.Build.0 = Debug|Any CPU
		{82F62EA8-8F17-4922-94D4-466E1B453AE9}.Debug|x86.ActiveCfg = Debug|Any CPU
		{82F62EA8-8F17-4922-94D4-466E1B453AE9}.Release_NoAsync|Any CPU.ActiveCfg = Release|Any CPU
		{82F62EA8-8F17-4922-94D4-466E1B453AE9}.Release_NoAsync|Any CPU.Build.0 = Release|Any CPU
		{82F62EA8-8F17-4922-94D4-466E1B453AE9}.Release_NoAsync|Mixed Platforms.ActiveCfg = Release|Any CPU
		{82F62EA8-8F17-4922-94D4-466E1B453AE9}.Release_NoAsync|Mixed Platforms.Build.0 = Release|Any CPU
		{82F62EA8-8F17-4922-94D4-466E1B453AE9}.Release_NoAsync|x86.ActiveCfg = Release|Any CPU
		{82F62EA8-8F17-4922-94D4-466E1B453AE9}.Release|Any CPU.ActiveCfg = Release|Any CPU
		{82F62EA8-8F17-4922-94D4-466E1B453AE9}.Release|Any CPU.Build.0 = Release|Any CPU
		{82F62EA8-8F17-4922-94D4-466E1B453AE9}.Release|Mixed Platforms.ActiveCfg = Release|Any CPU
		{82F62EA8-8F17-4922-94D4-466E1B453AE9}.Release|Mixed Platforms.Build.0 = Release|Any CPU
		{82F62EA8-8F17-4922-94D4-466E1B453AE9}.Release|x86.ActiveCfg = Release|Any CPU
		{96CB97F5-1BAC-433D-B5CE-AD6E7B244F12}.Debug_NoAsync|Any CPU.ActiveCfg = Debug|Any CPU
		{96CB97F5-1BAC-433D-B5CE-AD6E7B244F12}.Debug_NoAsync|Any CPU.Build.0 = Debug|Any CPU
		{96CB97F5-1BAC-433D-B5CE-AD6E7B244F12}.Debug_NoAsync|Mixed Platforms.ActiveCfg = Debug|Any CPU
		{96CB97F5-1BAC-433D-B5CE-AD6E7B244F12}.Debug_NoAsync|Mixed Platforms.Build.0 = Debug|Any CPU
		{96CB97F5-1BAC-433D-B5CE-AD6E7B244F12}.Debug_NoAsync|x86.ActiveCfg = Debug|Any CPU
		{96CB97F5-1BAC-433D-B5CE-AD6E7B244F12}.Debug|Any CPU.ActiveCfg = Debug|Any CPU
		{96CB97F5-1BAC-433D-B5CE-AD6E7B244F12}.Debug|Any CPU.Build.0 = Debug|Any CPU
		{96CB97F5-1BAC-433D-B5CE-AD6E7B244F12}.Debug|Mixed Platforms.ActiveCfg = Debug|Any CPU
		{96CB97F5-1BAC-433D-B5CE-AD6E7B244F12}.Debug|Mixed Platforms.Build.0 = Debug|Any CPU
		{96CB97F5-1BAC-433D-B5CE-AD6E7B244F12}.Debug|x86.ActiveCfg = Debug|Any CPU
		{96CB97F5-1BAC-433D-B5CE-AD6E7B244F12}.Release_NoAsync|Any CPU.ActiveCfg = Release|Any CPU
		{96CB97F5-1BAC-433D-B5CE-AD6E7B244F12}.Release_NoAsync|Any CPU.Build.0 = Release|Any CPU
		{96CB97F5-1BAC-433D-B5CE-AD6E7B244F12}.Release_NoAsync|Mixed Platforms.ActiveCfg = Release|Any CPU
		{96CB97F5-1BAC-433D-B5CE-AD6E7B244F12}.Release_NoAsync|Mixed Platforms.Build.0 = Release|Any CPU
		{96CB97F5-1BAC-433D-B5CE-AD6E7B244F12}.Release_NoAsync|x86.ActiveCfg = Release|Any CPU
		{96CB97F5-1BAC-433D-B5CE-AD6E7B244F12}.Release|Any CPU.ActiveCfg = Release|Any CPU
		{96CB97F5-1BAC-433D-B5CE-AD6E7B244F12}.Release|Any CPU.Build.0 = Release|Any CPU
		{96CB97F5-1BAC-433D-B5CE-AD6E7B244F12}.Release|Mixed Platforms.ActiveCfg = Release|Any CPU
		{96CB97F5-1BAC-433D-B5CE-AD6E7B244F12}.Release|Mixed Platforms.Build.0 = Release|Any CPU
		{96CB97F5-1BAC-433D-B5CE-AD6E7B244F12}.Release|x86.ActiveCfg = Release|Any CPU
		{44124331-C60A-4071-B387-4B8E71324B10}.Debug_NoAsync|Any CPU.ActiveCfg = Debug|Any CPU
		{44124331-C60A-4071-B387-4B8E71324B10}.Debug_NoAsync|Any CPU.Build.0 = Debug|Any CPU
		{44124331-C60A-4071-B387-4B8E71324B10}.Debug_NoAsync|Mixed Platforms.ActiveCfg = Debug|Any CPU
		{44124331-C60A-4071-B387-4B8E71324B10}.Debug_NoAsync|Mixed Platforms.Build.0 = Debug|Any CPU
		{44124331-C60A-4071-B387-4B8E71324B10}.Debug_NoAsync|x86.ActiveCfg = Debug|Any CPU
		{44124331-C60A-4071-B387-4B8E71324B10}.Debug|Any CPU.ActiveCfg = Debug|Any CPU
		{44124331-C60A-4071-B387-4B8E71324B10}.Debug|Any CPU.Build.0 = Debug|Any CPU
		{44124331-C60A-4071-B387-4B8E71324B10}.Debug|Mixed Platforms.ActiveCfg = Debug|Any CPU
		{44124331-C60A-4071-B387-4B8E71324B10}.Debug|Mixed Platforms.Build.0 = Debug|Any CPU
		{44124331-C60A-4071-B387-4B8E71324B10}.Debug|x86.ActiveCfg = Debug|Any CPU
		{44124331-C60A-4071-B387-4B8E71324B10}.Release_NoAsync|Any CPU.ActiveCfg = Release|Any CPU
		{44124331-C60A-4071-B387-4B8E71324B10}.Release_NoAsync|Any CPU.Build.0 = Release|Any CPU
		{44124331-C60A-4071-B387-4B8E71324B10}.Release_NoAsync|Mixed Platforms.ActiveCfg = Release|Any CPU
		{44124331-C60A-4071-B387-4B8E71324B10}.Release_NoAsync|Mixed Platforms.Build.0 = Release|Any CPU
		{44124331-C60A-4071-B387-4B8E71324B10}.Release_NoAsync|x86.ActiveCfg = Release|Any CPU
		{44124331-C60A-4071-B387-4B8E71324B10}.Release|Any CPU.ActiveCfg = Release|Any CPU
		{44124331-C60A-4071-B387-4B8E71324B10}.Release|Any CPU.Build.0 = Release|Any CPU
		{44124331-C60A-4071-B387-4B8E71324B10}.Release|Mixed Platforms.ActiveCfg = Release|Any CPU
		{44124331-C60A-4071-B387-4B8E71324B10}.Release|Mixed Platforms.Build.0 = Release|Any CPU
		{44124331-C60A-4071-B387-4B8E71324B10}.Release|x86.ActiveCfg = Release|Any CPU
		{52AE9E3E-6929-4720-AB7A-F9F22B9A8972}.Debug_NoAsync|Any CPU.ActiveCfg = Debug|Any CPU
		{52AE9E3E-6929-4720-AB7A-F9F22B9A8972}.Debug_NoAsync|Any CPU.Build.0 = Debug|Any CPU
		{52AE9E3E-6929-4720-AB7A-F9F22B9A8972}.Debug_NoAsync|Mixed Platforms.ActiveCfg = Debug|Any CPU
		{52AE9E3E-6929-4720-AB7A-F9F22B9A8972}.Debug_NoAsync|Mixed Platforms.Build.0 = Debug|Any CPU
		{52AE9E3E-6929-4720-AB7A-F9F22B9A8972}.Debug_NoAsync|x86.ActiveCfg = Debug|Any CPU
		{52AE9E3E-6929-4720-AB7A-F9F22B9A8972}.Debug|Any CPU.ActiveCfg = Debug|Any CPU
		{52AE9E3E-6929-4720-AB7A-F9F22B9A8972}.Debug|Any CPU.Build.0 = Debug|Any CPU
		{52AE9E3E-6929-4720-AB7A-F9F22B9A8972}.Debug|Mixed Platforms.ActiveCfg = Debug|Any CPU
		{52AE9E3E-6929-4720-AB7A-F9F22B9A8972}.Debug|Mixed Platforms.Build.0 = Debug|Any CPU
		{52AE9E3E-6929-4720-AB7A-F9F22B9A8972}.Debug|x86.ActiveCfg = Debug|Any CPU
		{52AE9E3E-6929-4720-AB7A-F9F22B9A8972}.Release_NoAsync|Any CPU.ActiveCfg = Release|Any CPU
		{52AE9E3E-6929-4720-AB7A-F9F22B9A8972}.Release_NoAsync|Any CPU.Build.0 = Release|Any CPU
		{52AE9E3E-6929-4720-AB7A-F9F22B9A8972}.Release_NoAsync|Mixed Platforms.ActiveCfg = Release|Any CPU
		{52AE9E3E-6929-4720-AB7A-F9F22B9A8972}.Release_NoAsync|Mixed Platforms.Build.0 = Release|Any CPU
		{52AE9E3E-6929-4720-AB7A-F9F22B9A8972}.Release_NoAsync|x86.ActiveCfg = Release|Any CPU
		{52AE9E3E-6929-4720-AB7A-F9F22B9A8972}.Release|Any CPU.ActiveCfg = Release|Any CPU
		{52AE9E3E-6929-4720-AB7A-F9F22B9A8972}.Release|Any CPU.Build.0 = Release|Any CPU
		{52AE9E3E-6929-4720-AB7A-F9F22B9A8972}.Release|Mixed Platforms.ActiveCfg = Release|Any CPU
		{52AE9E3E-6929-4720-AB7A-F9F22B9A8972}.Release|Mixed Platforms.Build.0 = Release|Any CPU
		{52AE9E3E-6929-4720-AB7A-F9F22B9A8972}.Release|x86.ActiveCfg = Release|Any CPU
		{F6C604F2-A484-4DE6-8E6D-48DD22F4DE03}.Debug_NoAsync|Any CPU.ActiveCfg = Debug|Any CPU
		{F6C604F2-A484-4DE6-8E6D-48DD22F4DE03}.Debug_NoAsync|Any CPU.Build.0 = Debug|Any CPU
		{F6C604F2-A484-4DE6-8E6D-48DD22F4DE03}.Debug_NoAsync|Mixed Platforms.ActiveCfg = Debug|Any CPU
		{F6C604F2-A484-4DE6-8E6D-48DD22F4DE03}.Debug_NoAsync|Mixed Platforms.Build.0 = Debug|Any CPU
		{F6C604F2-A484-4DE6-8E6D-48DD22F4DE03}.Debug_NoAsync|x86.ActiveCfg = Debug|Any CPU
		{F6C604F2-A484-4DE6-8E6D-48DD22F4DE03}.Debug|Any CPU.ActiveCfg = Debug|Any CPU
		{F6C604F2-A484-4DE6-8E6D-48DD22F4DE03}.Debug|Any CPU.Build.0 = Debug|Any CPU
		{F6C604F2-A484-4DE6-8E6D-48DD22F4DE03}.Debug|Mixed Platforms.ActiveCfg = Debug|Any CPU
		{F6C604F2-A484-4DE6-8E6D-48DD22F4DE03}.Debug|Mixed Platforms.Build.0 = Debug|Any CPU
		{F6C604F2-A484-4DE6-8E6D-48DD22F4DE03}.Debug|x86.ActiveCfg = Debug|Any CPU
		{F6C604F2-A484-4DE6-8E6D-48DD22F4DE03}.Release_NoAsync|Any CPU.ActiveCfg = Release|Any CPU
		{F6C604F2-A484-4DE6-8E6D-48DD22F4DE03}.Release_NoAsync|Any CPU.Build.0 = Release|Any CPU
		{F6C604F2-A484-4DE6-8E6D-48DD22F4DE03}.Release_NoAsync|Mixed Platforms.ActiveCfg = Release|Any CPU
		{F6C604F2-A484-4DE6-8E6D-48DD22F4DE03}.Release_NoAsync|Mixed Platforms.Build.0 = Release|Any CPU
		{F6C604F2-A484-4DE6-8E6D-48DD22F4DE03}.Release_NoAsync|x86.ActiveCfg = Release|Any CPU
		{F6C604F2-A484-4DE6-8E6D-48DD22F4DE03}.Release|Any CPU.ActiveCfg = Release|Any CPU
		{F6C604F2-A484-4DE6-8E6D-48DD22F4DE03}.Release|Any CPU.Build.0 = Release|Any CPU
		{F6C604F2-A484-4DE6-8E6D-48DD22F4DE03}.Release|Mixed Platforms.ActiveCfg = Release|Any CPU
		{F6C604F2-A484-4DE6-8E6D-48DD22F4DE03}.Release|Mixed Platforms.Build.0 = Release|Any CPU
		{F6C604F2-A484-4DE6-8E6D-48DD22F4DE03}.Release|x86.ActiveCfg = Release|Any CPU
		{B54DD6E7-526D-4BD4-BCCA-8DCB1AB12A23}.Debug_NoAsync|Any CPU.ActiveCfg = Debug|Any CPU
		{B54DD6E7-526D-4BD4-BCCA-8DCB1AB12A23}.Debug_NoAsync|Any CPU.Build.0 = Debug|Any CPU
		{B54DD6E7-526D-4BD4-BCCA-8DCB1AB12A23}.Debug_NoAsync|Mixed Platforms.ActiveCfg = Debug|Any CPU
		{B54DD6E7-526D-4BD4-BCCA-8DCB1AB12A23}.Debug_NoAsync|Mixed Platforms.Build.0 = Debug|Any CPU
		{B54DD6E7-526D-4BD4-BCCA-8DCB1AB12A23}.Debug_NoAsync|x86.ActiveCfg = Debug|Any CPU
		{B54DD6E7-526D-4BD4-BCCA-8DCB1AB12A23}.Debug|Any CPU.ActiveCfg = Debug|Any CPU
		{B54DD6E7-526D-4BD4-BCCA-8DCB1AB12A23}.Debug|Any CPU.Build.0 = Debug|Any CPU
		{B54DD6E7-526D-4BD4-BCCA-8DCB1AB12A23}.Debug|Mixed Platforms.ActiveCfg = Debug|Any CPU
		{B54DD6E7-526D-4BD4-BCCA-8DCB1AB12A23}.Debug|Mixed Platforms.Build.0 = Debug|Any CPU
		{B54DD6E7-526D-4BD4-BCCA-8DCB1AB12A23}.Debug|x86.ActiveCfg = Debug|Any CPU
		{B54DD6E7-526D-4BD4-BCCA-8DCB1AB12A23}.Release_NoAsync|Any CPU.ActiveCfg = Release|Any CPU
		{B54DD6E7-526D-4BD4-BCCA-8DCB1AB12A23}.Release_NoAsync|Any CPU.Build.0 = Release|Any CPU
		{B54DD6E7-526D-4BD4-BCCA-8DCB1AB12A23}.Release_NoAsync|Mixed Platforms.ActiveCfg = Release|Any CPU
		{B54DD6E7-526D-4BD4-BCCA-8DCB1AB12A23}.Release_NoAsync|Mixed Platforms.Build.0 = Release|Any CPU
		{B54DD6E7-526D-4BD4-BCCA-8DCB1AB12A23}.Release_NoAsync|x86.ActiveCfg = Release|Any CPU
		{B54DD6E7-526D-4BD4-BCCA-8DCB1AB12A23}.Release|Any CPU.ActiveCfg = Release|Any CPU
		{B54DD6E7-526D-4BD4-BCCA-8DCB1AB12A23}.Release|Any CPU.Build.0 = Release|Any CPU
		{B54DD6E7-526D-4BD4-BCCA-8DCB1AB12A23}.Release|Mixed Platforms.ActiveCfg = Release|Any CPU
		{B54DD6E7-526D-4BD4-BCCA-8DCB1AB12A23}.Release|Mixed Platforms.Build.0 = Release|Any CPU
		{B54DD6E7-526D-4BD4-BCCA-8DCB1AB12A23}.Release|x86.ActiveCfg = Release|Any CPU
		{DE78B8B7-C0F5-415B-A70B-02194433F450}.Debug_NoAsync|Any CPU.ActiveCfg = Debug|Any CPU
		{DE78B8B7-C0F5-415B-A70B-02194433F450}.Debug_NoAsync|Any CPU.Build.0 = Debug|Any CPU
		{DE78B8B7-C0F5-415B-A70B-02194433F450}.Debug_NoAsync|Mixed Platforms.ActiveCfg = Debug|Any CPU
		{DE78B8B7-C0F5-415B-A70B-02194433F450}.Debug_NoAsync|Mixed Platforms.Build.0 = Debug|Any CPU
		{DE78B8B7-C0F5-415B-A70B-02194433F450}.Debug_NoAsync|x86.ActiveCfg = Debug|Any CPU
		{DE78B8B7-C0F5-415B-A70B-02194433F450}.Debug|Any CPU.ActiveCfg = Debug|Any CPU
		{DE78B8B7-C0F5-415B-A70B-02194433F450}.Debug|Any CPU.Build.0 = Debug|Any CPU
		{DE78B8B7-C0F5-415B-A70B-02194433F450}.Debug|Mixed Platforms.ActiveCfg = Debug|Any CPU
		{DE78B8B7-C0F5-415B-A70B-02194433F450}.Debug|Mixed Platforms.Build.0 = Debug|Any CPU
		{DE78B8B7-C0F5-415B-A70B-02194433F450}.Debug|x86.ActiveCfg = Debug|Any CPU
		{DE78B8B7-C0F5-415B-A70B-02194433F450}.Release_NoAsync|Any CPU.ActiveCfg = Release|Any CPU
		{DE78B8B7-C0F5-415B-A70B-02194433F450}.Release_NoAsync|Any CPU.Build.0 = Release|Any CPU
		{DE78B8B7-C0F5-415B-A70B-02194433F450}.Release_NoAsync|Mixed Platforms.ActiveCfg = Release|Any CPU
		{DE78B8B7-C0F5-415B-A70B-02194433F450}.Release_NoAsync|Mixed Platforms.Build.0 = Release|Any CPU
		{DE78B8B7-C0F5-415B-A70B-02194433F450}.Release_NoAsync|x86.ActiveCfg = Release|Any CPU
		{DE78B8B7-C0F5-415B-A70B-02194433F450}.Release|Any CPU.ActiveCfg = Release|Any CPU
		{DE78B8B7-C0F5-415B-A70B-02194433F450}.Release|Any CPU.Build.0 = Release|Any CPU
		{DE78B8B7-C0F5-415B-A70B-02194433F450}.Release|Mixed Platforms.ActiveCfg = Release|Any CPU
		{DE78B8B7-C0F5-415B-A70B-02194433F450}.Release|Mixed Platforms.Build.0 = Release|Any CPU
		{DE78B8B7-C0F5-415B-A70B-02194433F450}.Release|x86.ActiveCfg = Release|Any CPU
		{99DECD28-D3E3-4EA7-ACAE-AB5DFC9913BD}.Debug_NoAsync|Any CPU.ActiveCfg = Debug|Any CPU
		{99DECD28-D3E3-4EA7-ACAE-AB5DFC9913BD}.Debug_NoAsync|Any CPU.Build.0 = Debug|Any CPU
		{99DECD28-D3E3-4EA7-ACAE-AB5DFC9913BD}.Debug_NoAsync|Mixed Platforms.ActiveCfg = Debug|Any CPU
		{99DECD28-D3E3-4EA7-ACAE-AB5DFC9913BD}.Debug_NoAsync|Mixed Platforms.Build.0 = Debug|Any CPU
		{99DECD28-D3E3-4EA7-ACAE-AB5DFC9913BD}.Debug_NoAsync|x86.ActiveCfg = Debug|Any CPU
		{99DECD28-D3E3-4EA7-ACAE-AB5DFC9913BD}.Debug|Any CPU.ActiveCfg = Debug|Any CPU
		{99DECD28-D3E3-4EA7-ACAE-AB5DFC9913BD}.Debug|Any CPU.Build.0 = Debug|Any CPU
		{99DECD28-D3E3-4EA7-ACAE-AB5DFC9913BD}.Debug|Mixed Platforms.ActiveCfg = Debug|Any CPU
		{99DECD28-D3E3-4EA7-ACAE-AB5DFC9913BD}.Debug|Mixed Platforms.Build.0 = Debug|Any CPU
		{99DECD28-D3E3-4EA7-ACAE-AB5DFC9913BD}.Debug|x86.ActiveCfg = Debug|Any CPU
		{99DECD28-D3E3-4EA7-ACAE-AB5DFC9913BD}.Release_NoAsync|Any CPU.ActiveCfg = Release|Any CPU
		{99DECD28-D3E3-4EA7-ACAE-AB5DFC9913BD}.Release_NoAsync|Any CPU.Build.0 = Release|Any CPU
		{99DECD28-D3E3-4EA7-ACAE-AB5DFC9913BD}.Release_NoAsync|Mixed Platforms.ActiveCfg = Release|Any CPU
		{99DECD28-D3E3-4EA7-ACAE-AB5DFC9913BD}.Release_NoAsync|Mixed Platforms.Build.0 = Release|Any CPU
		{99DECD28-D3E3-4EA7-ACAE-AB5DFC9913BD}.Release_NoAsync|x86.ActiveCfg = Release|Any CPU
		{99DECD28-D3E3-4EA7-ACAE-AB5DFC9913BD}.Release|Any CPU.ActiveCfg = Release|Any CPU
		{99DECD28-D3E3-4EA7-ACAE-AB5DFC9913BD}.Release|Any CPU.Build.0 = Release|Any CPU
		{99DECD28-D3E3-4EA7-ACAE-AB5DFC9913BD}.Release|Mixed Platforms.ActiveCfg = Release|Any CPU
		{99DECD28-D3E3-4EA7-ACAE-AB5DFC9913BD}.Release|Mixed Platforms.Build.0 = Release|Any CPU
		{99DECD28-D3E3-4EA7-ACAE-AB5DFC9913BD}.Release|x86.ActiveCfg = Release|Any CPU
		{243BB709-3912-4C65-82D4-787A5E2201D7}.Debug_NoAsync|Any CPU.ActiveCfg = Debug|Any CPU
		{243BB709-3912-4C65-82D4-787A5E2201D7}.Debug_NoAsync|Any CPU.Build.0 = Debug|Any CPU
		{243BB709-3912-4C65-82D4-787A5E2201D7}.Debug_NoAsync|Mixed Platforms.ActiveCfg = Debug|Any CPU
		{243BB709-3912-4C65-82D4-787A5E2201D7}.Debug_NoAsync|Mixed Platforms.Build.0 = Debug|Any CPU
		{243BB709-3912-4C65-82D4-787A5E2201D7}.Debug_NoAsync|x86.ActiveCfg = Debug|Any CPU
		{243BB709-3912-4C65-82D4-787A5E2201D7}.Debug|Any CPU.ActiveCfg = Debug|Any CPU
		{243BB709-3912-4C65-82D4-787A5E2201D7}.Debug|Any CPU.Build.0 = Debug|Any CPU
		{243BB709-3912-4C65-82D4-787A5E2201D7}.Debug|Mixed Platforms.ActiveCfg = Debug|Any CPU
		{243BB709-3912-4C65-82D4-787A5E2201D7}.Debug|Mixed Platforms.Build.0 = Debug|Any CPU
		{243BB709-3912-4C65-82D4-787A5E2201D7}.Debug|x86.ActiveCfg = Debug|Any CPU
		{243BB709-3912-4C65-82D4-787A5E2201D7}.Release_NoAsync|Any CPU.ActiveCfg = Release|Any CPU
		{243BB709-3912-4C65-82D4-787A5E2201D7}.Release_NoAsync|Any CPU.Build.0 = Release|Any CPU
		{243BB709-3912-4C65-82D4-787A5E2201D7}.Release_NoAsync|Mixed Platforms.ActiveCfg = Release|Any CPU
		{243BB709-3912-4C65-82D4-787A5E2201D7}.Release_NoAsync|Mixed Platforms.Build.0 = Release|Any CPU
		{243BB709-3912-4C65-82D4-787A5E2201D7}.Release_NoAsync|x86.ActiveCfg = Release|Any CPU
		{243BB709-3912-4C65-82D4-787A5E2201D7}.Release|Any CPU.ActiveCfg = Release|Any CPU
		{243BB709-3912-4C65-82D4-787A5E2201D7}.Release|Any CPU.Build.0 = Release|Any CPU
		{243BB709-3912-4C65-82D4-787A5E2201D7}.Release|Mixed Platforms.ActiveCfg = Release|Any CPU
		{243BB709-3912-4C65-82D4-787A5E2201D7}.Release|Mixed Platforms.Build.0 = Release|Any CPU
		{243BB709-3912-4C65-82D4-787A5E2201D7}.Release|x86.ActiveCfg = Release|Any CPU
		{28703D12-116A-4968-BD85-F26D7F7E7DA4}.Debug_NoAsync|Any CPU.ActiveCfg = Debug|Any CPU
		{28703D12-116A-4968-BD85-F26D7F7E7DA4}.Debug_NoAsync|Any CPU.Build.0 = Debug|Any CPU
		{28703D12-116A-4968-BD85-F26D7F7E7DA4}.Debug_NoAsync|Mixed Platforms.ActiveCfg = Debug|Any CPU
		{28703D12-116A-4968-BD85-F26D7F7E7DA4}.Debug_NoAsync|Mixed Platforms.Build.0 = Debug|Any CPU
		{28703D12-116A-4968-BD85-F26D7F7E7DA4}.Debug_NoAsync|x86.ActiveCfg = Debug|Any CPU
		{28703D12-116A-4968-BD85-F26D7F7E7DA4}.Debug|Any CPU.ActiveCfg = Debug|Any CPU
		{28703D12-116A-4968-BD85-F26D7F7E7DA4}.Debug|Any CPU.Build.0 = Debug|Any CPU
		{28703D12-116A-4968-BD85-F26D7F7E7DA4}.Debug|Mixed Platforms.ActiveCfg = Debug|Any CPU
		{28703D12-116A-4968-BD85-F26D7F7E7DA4}.Debug|Mixed Platforms.Build.0 = Debug|Any CPU
		{28703D12-116A-4968-BD85-F26D7F7E7DA4}.Debug|x86.ActiveCfg = Debug|Any CPU
		{28703D12-116A-4968-BD85-F26D7F7E7DA4}.Release_NoAsync|Any CPU.ActiveCfg = Release|Any CPU
		{28703D12-116A-4968-BD85-F26D7F7E7DA4}.Release_NoAsync|Any CPU.Build.0 = Release|Any CPU
		{28703D12-116A-4968-BD85-F26D7F7E7DA4}.Release_NoAsync|Mixed Platforms.ActiveCfg = Release|Any CPU
		{28703D12-116A-4968-BD85-F26D7F7E7DA4}.Release_NoAsync|Mixed Platforms.Build.0 = Release|Any CPU
		{28703D12-116A-4968-BD85-F26D7F7E7DA4}.Release_NoAsync|x86.ActiveCfg = Release|Any CPU
		{28703D12-116A-4968-BD85-F26D7F7E7DA4}.Release|Any CPU.ActiveCfg = Release|Any CPU
		{28703D12-116A-4968-BD85-F26D7F7E7DA4}.Release|Any CPU.Build.0 = Release|Any CPU
		{28703D12-116A-4968-BD85-F26D7F7E7DA4}.Release|Mixed Platforms.ActiveCfg = Release|Any CPU
		{28703D12-116A-4968-BD85-F26D7F7E7DA4}.Release|Mixed Platforms.Build.0 = Release|Any CPU
		{28703D12-116A-4968-BD85-F26D7F7E7DA4}.Release|x86.ActiveCfg = Release|Any CPU
	EndGlobalSection
	GlobalSection(SolutionProperties) = preSolution
		HideSolutionNode = FALSE
	EndGlobalSection
EndGlobal
