
Microsoft Visual Studio Solution File, Format Version 12.00
# Visual Studio 14
VisualStudioVersion = 14.0.23107.0
MinimumVisualStudioVersion = 10.0.40219.1
Project("{2150E333-8FDC-42A3-9474-1A3956D46DE8}") = "Bridge", "Bridge", "{32B4E540-81E6-4E3F-8383-5813786DC899}"
EndProject
Project("{2150E333-8FDC-42A3-9474-1A3956D46DE8}") = "Compiler", "Compiler", "{47D6D365-36CE-43C2-91D0-5A071928C62A}"
EndProject
Project("{FAE04EC0-301F-11D3-BF4B-00C04F79EFBC}") = "Bridge.Build", "Compiler\Build\Bridge.Build.csproj", "{28703D12-116A-4968-BD85-F26D7F7E7DA4}"
	ProjectSection(ProjectDependencies) = postProject
		{99DECD28-D3E3-4EA7-ACAE-AB5DFC9913BD} = {99DECD28-D3E3-4EA7-ACAE-AB5DFC9913BD}
		{DE78B8B7-C0F5-415B-A70B-02194433F450} = {DE78B8B7-C0F5-415B-A70B-02194433F450}
	EndProjectSection
EndProject
Project("{FAE04EC0-301F-11D3-BF4B-00C04F79EFBC}") = "Bridge.Builder", "Compiler\Builder\Bridge.Builder.csproj", "{243BB709-3912-4C65-82D4-787A5E2201D7}"
	ProjectSection(ProjectDependencies) = postProject
		{28703D12-116A-4968-BD85-F26D7F7E7DA4} = {28703D12-116A-4968-BD85-F26D7F7E7DA4}
	EndProjectSection
EndProject
Project("{FAE04EC0-301F-11D3-BF4B-00C04F79EFBC}") = "Bridge", "Bridge\Bridge.csproj", "{DE78B8B7-C0F5-415B-A70B-02194433F450}"
EndProject
Project("{FAE04EC0-301F-11D3-BF4B-00C04F79EFBC}") = "Bridge.Html5", "Html5\Bridge.Html5.csproj", "{99DECD28-D3E3-4EA7-ACAE-AB5DFC9913BD}"
EndProject
Project("{FAE04EC0-301F-11D3-BF4B-00C04F79EFBC}") = "Bridge.Contract", "Compiler\Contract\Bridge.Contract.csproj", "{52AE9E3E-6929-4720-AB7A-F9F22B9A8972}"
EndProject
Project("{FAE04EC0-301F-11D3-BF4B-00C04F79EFBC}") = "Bridge.Translator", "Compiler\Translator\Bridge.Translator.csproj", "{44124331-C60A-4071-B387-4B8E71324B10}"
EndProject
Project("{2150E333-8FDC-42A3-9474-1A3956D46DE8}") = ".nuget", ".nuget", "{42D82A7C-EC6C-4C9F-A169-3F22275ED2BB}"
	ProjectSection(SolutionItems) = preProject
		.nuget\NuGet.Config = .nuget\NuGet.Config
		.nuget\nuget.exe = .nuget\nuget.exe
		.nuget\NuGet.targets = .nuget\NuGet.targets
	EndProjectSection
EndProject
Project("{FAE04EC0-301F-11D3-BF4B-00C04F79EFBC}") = "Bridge.Translator.Tests", "Compiler\TranslatorTests\Bridge.Translator.Tests.csproj", "{6E1D7559-DAA0-41B7-B0E5-8E106072D704}"
	ProjectSection(ProjectDependencies) = postProject
		{243BB709-3912-4C65-82D4-787A5E2201D7} = {243BB709-3912-4C65-82D4-787A5E2201D7}
		{28703D12-116A-4968-BD85-F26D7F7E7DA4} = {28703D12-116A-4968-BD85-F26D7F7E7DA4}
		{8DAF3989-FF37-470C-A55D-3E7868613AA5} = {8DAF3989-FF37-470C-A55D-3E7868613AA5}
	EndProjectSection
EndProject
Project("{2150E333-8FDC-42A3-9474-1A3956D46DE8}") = ".build", ".build", "{00CA952C-4292-47FC-8D03-B525B294B846}"
EndProject
Project("{2150E333-8FDC-42A3-9474-1A3956D46DE8}") = "specs", "specs", "{E12E9F2A-984B-4340-A62E-E356C716358E}"
	ProjectSection(SolutionItems) = preProject
		.build\specs\Bridge.Clean.nuspec = .build\specs\Bridge.Clean.nuspec
		.build\specs\Bridge.Compiler.Mono.nuspec = .build\specs\Bridge.Compiler.Mono.nuspec
		.build\specs\Bridge.Compiler.nuspec = .build\specs\Bridge.Compiler.nuspec
		.build\specs\Bridge.Contract.Mono.nuspec = .build\specs\Bridge.Contract.Mono.nuspec
		.build\specs\Bridge.Contract.nuspec = .build\specs\Bridge.Contract.nuspec
		.build\specs\Bridge.Core.nuspec = .build\specs\Bridge.Core.nuspec
		.build\specs\Bridge.Html5.nuspec = .build\specs\Bridge.Html5.nuspec
		.build\specs\Bridge.Min.nuspec = .build\specs\Bridge.Min.nuspec
		.build\specs\Bridge.nuspec = .build\specs\Bridge.nuspec
	EndProjectSection
EndProject
Project("{2150E333-8FDC-42A3-9474-1A3956D46DE8}") = "files", "files", "{B83954AB-3E5F-4778-8BC0-F1CEEDE6F187}"
	ProjectSection(SolutionItems) = preProject
		.build\files\bridge.json = .build\files\bridge.json
		.build\files\Bridge.Min.targets = .build\files\Bridge.Min.targets
		.build\files\demo.html.pp = .build\files\demo.html.pp
		.build\files\install.ps1 = .build\files\install.ps1
		.build\files\install_clean.ps1 = .build\files\install_clean.ps1
		.build\files\output_readme.txt = .build\files\output_readme.txt
	EndProjectSection
EndProject
Project("{2150E333-8FDC-42A3-9474-1A3956D46DE8}") = "packages", "packages", "{0A8F2D26-ED54-4A8C-A323-A8018F6DD742}"
	ProjectSection(SolutionItems) = preProject
		.build\packages\collect.bat = .build\packages\collect.bat
	EndProjectSection
EndProject
Project("{2150E333-8FDC-42A3-9474-1A3956D46DE8}") = "targets", "targets", "{169F0BA9-3B0A-43DD-98E2-C9DB1A89CAB0}"
	ProjectSection(SolutionItems) = preProject
		.build\targets\Bridge.targets = .build\targets\Bridge.targets
		.build\targets\BridgeNoTask.targets = .build\targets\BridgeNoTask.targets
		.build\targets\BridgeProjectRefs.targets = .build\targets\BridgeProjectRefs.targets
	EndProjectSection
EndProject
Project("{2150E333-8FDC-42A3-9474-1A3956D46DE8}") = "common", "common", "{3E6E252D-69D8-4B9A-8E6C-E994697F8090}"
	ProjectSection(SolutionItems) = preProject
		.build\common\CommonAssemblyInfo.cs = .build\common\CommonAssemblyInfo.cs
		.build\common\NuGet.Build.Package.targets = .build\common\NuGet.Build.Package.targets
	EndProjectSection
EndProject
Project("{2150E333-8FDC-42A3-9474-1A3956D46DE8}") = "Tests", "Tests", "{E14B88A0-6D55-4C94-AF76-2B1BC4B4C775}"
EndProject
Project("{E24C65DC-7377-472B-9ABA-BC803B73C61A}") = "Runner", "Tests\Runner\", "{DE1ED6BA-EEA3-4136-8732-C39F070CC7F2}"
	ProjectSection(WebsiteProperties) = preProject
		TargetFrameworkMoniker = ".NETFramework,Version%3Dv4.0"
		Debug.AspNetCompiler.VirtualPath = "/localhost_49753"
		Debug.AspNetCompiler.PhysicalPath = "Tests\Runner\"
		Debug.AspNetCompiler.TargetPath = "PrecompiledWeb\localhost_49753\"
		Debug.AspNetCompiler.Updateable = "true"
		Debug.AspNetCompiler.ForceOverwrite = "true"
		Debug.AspNetCompiler.FixedNames = "false"
		Debug.AspNetCompiler.Debug = "True"
		Release.AspNetCompiler.VirtualPath = "/localhost_49753"
		Release.AspNetCompiler.PhysicalPath = "Tests\Runner\"
		Release.AspNetCompiler.TargetPath = "PrecompiledWeb\localhost_49753\"
		Release.AspNetCompiler.Updateable = "true"
		Release.AspNetCompiler.ForceOverwrite = "true"
		Release.AspNetCompiler.FixedNames = "false"
		Release.AspNetCompiler.Debug = "False"
		VWDPort = "49753"
		SlnRelativePath = "Tests\Runner\"
		DefaultWebSiteLanguage = "Visual C#"
	EndProjectSection
	ProjectSection(ProjectDependencies) = postProject
		{306AD788-87E9-4DF9-A216-95948E024BC8} = {306AD788-87E9-4DF9-A216-95948E024BC8}
		{AE48EC97-AFCB-49ED-82F6-8863F9860C9C} = {AE48EC97-AFCB-49ED-82F6-8863F9860C9C}
		{85F91198-C10C-47F4-94DF-E65EE65FA542} = {85F91198-C10C-47F4-94DF-E65EE65FA542}
		{518C57D4-62CC-47F7-A310-23405F5ED3AD} = {518C57D4-62CC-47F7-A310-23405F5ED3AD}
		{411D4BE8-B1F0-4F61-9AD1-00250D9CC4FA} = {411D4BE8-B1F0-4F61-9AD1-00250D9CC4FA}
	EndProjectSection
EndProject
Project("{FAE04EC0-301F-11D3-BF4B-00C04F79EFBC}") = "Batch1", "Tests\Batch1\Batch1.csproj", "{306AD788-87E9-4DF9-A216-95948E024BC8}"
	ProjectSection(ProjectDependencies) = postProject
		{8DAF3989-FF37-470C-A55D-3E7868613AA5} = {8DAF3989-FF37-470C-A55D-3E7868613AA5}
	EndProjectSection
EndProject
Project("{FAE04EC0-301F-11D3-BF4B-00C04F79EFBC}") = "Batch2", "Tests\Batch2\Batch2.csproj", "{AE48EC97-AFCB-49ED-82F6-8863F9860C9C}"
	ProjectSection(ProjectDependencies) = postProject
		{8DAF3989-FF37-470C-A55D-3E7868613AA5} = {8DAF3989-FF37-470C-A55D-3E7868613AA5}
	EndProjectSection
EndProject
Project("{2150E333-8FDC-42A3-9474-1A3956D46DE8}") = "TypeScript", "TypeScript", "{E4A735E0-1C3F-4ED4-BD3A-42A313536994}"
EndProject
Project("{FAE04EC0-301F-11D3-BF4B-00C04F79EFBC}") = "App1", "Tests\TypeScript\App1\App1.csproj", "{518C57D4-62CC-47F7-A310-23405F5ED3AD}"
	ProjectSection(ProjectDependencies) = postProject
		{8DAF3989-FF37-470C-A55D-3E7868613AA5} = {8DAF3989-FF37-470C-A55D-3E7868613AA5}
	EndProjectSection
EndProject
Project("{FAE04EC0-301F-11D3-BF4B-00C04F79EFBC}") = "Batch1", "Tests\TypeScript\Batch1\Batch1.csproj", "{411D4BE8-B1F0-4F61-9AD1-00250D9CC4FA}"
	ProjectSection(ProjectDependencies) = postProject
		{518C57D4-62CC-47F7-A310-23405F5ED3AD} = {518C57D4-62CC-47F7-A310-23405F5ED3AD}
	EndProjectSection
EndProject
Project("{FAE04EC0-301F-11D3-BF4B-00C04F79EFBC}") = "Bridge.PostBuild", "PostBuild\Bridge.PostBuild.csproj", "{8DAF3989-FF37-470C-A55D-3E7868613AA5}"
	ProjectSection(ProjectDependencies) = postProject
		{243BB709-3912-4C65-82D4-787A5E2201D7} = {243BB709-3912-4C65-82D4-787A5E2201D7}
		{DE78B8B7-C0F5-415B-A70B-02194433F450} = {DE78B8B7-C0F5-415B-A70B-02194433F450}
	EndProjectSection
EndProject
Project("{FAE04EC0-301F-11D3-BF4B-00C04F79EFBC}") = "Batch3", "Tests\Batch3\Batch3.csproj", "{85F91198-C10C-47F4-94DF-E65EE65FA542}"
	ProjectSection(ProjectDependencies) = postProject
		{8DAF3989-FF37-470C-A55D-3E7868613AA5} = {8DAF3989-FF37-470C-A55D-3E7868613AA5}
	EndProjectSection
EndProject
Project("{FAE04EC0-301F-11D3-BF4B-00C04F79EFBC}") = "Batch4", "Tests\Batch4\Batch4.csproj", "{BDD8354D-4691-4C8A-A7B3-9782042DA333}"
	ProjectSection(ProjectDependencies) = postProject
		{8DAF3989-FF37-470C-A55D-3E7868613AA5} = {8DAF3989-FF37-470C-A55D-3E7868613AA5}
		{85F91198-C10C-47F4-94DF-E65EE65FA542} = {85F91198-C10C-47F4-94DF-E65EE65FA542}
	EndProjectSection
EndProject
Global
	GlobalSection(SolutionConfigurationPlatforms) = preSolution
		Debug|Any CPU = Debug|Any CPU
		Release|Any CPU = Release|Any CPU
	EndGlobalSection
	GlobalSection(ProjectConfigurationPlatforms) = postSolution
		{28703D12-116A-4968-BD85-F26D7F7E7DA4}.Debug|Any CPU.ActiveCfg = Debug|Any CPU
		{28703D12-116A-4968-BD85-F26D7F7E7DA4}.Debug|Any CPU.Build.0 = Debug|Any CPU
		{28703D12-116A-4968-BD85-F26D7F7E7DA4}.Release|Any CPU.ActiveCfg = Release|Any CPU
		{28703D12-116A-4968-BD85-F26D7F7E7DA4}.Release|Any CPU.Build.0 = Release|Any CPU
		{243BB709-3912-4C65-82D4-787A5E2201D7}.Debug|Any CPU.ActiveCfg = Debug|Any CPU
		{243BB709-3912-4C65-82D4-787A5E2201D7}.Debug|Any CPU.Build.0 = Debug|Any CPU
		{243BB709-3912-4C65-82D4-787A5E2201D7}.Release|Any CPU.ActiveCfg = Release|Any CPU
		{243BB709-3912-4C65-82D4-787A5E2201D7}.Release|Any CPU.Build.0 = Release|Any CPU
		{DE78B8B7-C0F5-415B-A70B-02194433F450}.Debug|Any CPU.ActiveCfg = Debug|Any CPU
		{DE78B8B7-C0F5-415B-A70B-02194433F450}.Debug|Any CPU.Build.0 = Debug|Any CPU
		{DE78B8B7-C0F5-415B-A70B-02194433F450}.Release|Any CPU.ActiveCfg = Release|Any CPU
		{DE78B8B7-C0F5-415B-A70B-02194433F450}.Release|Any CPU.Build.0 = Release|Any CPU
		{99DECD28-D3E3-4EA7-ACAE-AB5DFC9913BD}.Debug|Any CPU.ActiveCfg = Debug|Any CPU
		{99DECD28-D3E3-4EA7-ACAE-AB5DFC9913BD}.Debug|Any CPU.Build.0 = Debug|Any CPU
		{99DECD28-D3E3-4EA7-ACAE-AB5DFC9913BD}.Release|Any CPU.ActiveCfg = Release|Any CPU
		{99DECD28-D3E3-4EA7-ACAE-AB5DFC9913BD}.Release|Any CPU.Build.0 = Release|Any CPU
		{52AE9E3E-6929-4720-AB7A-F9F22B9A8972}.Debug|Any CPU.ActiveCfg = Debug|Any CPU
		{52AE9E3E-6929-4720-AB7A-F9F22B9A8972}.Debug|Any CPU.Build.0 = Debug|Any CPU
		{52AE9E3E-6929-4720-AB7A-F9F22B9A8972}.Release|Any CPU.ActiveCfg = Release|Any CPU
		{52AE9E3E-6929-4720-AB7A-F9F22B9A8972}.Release|Any CPU.Build.0 = Release|Any CPU
		{44124331-C60A-4071-B387-4B8E71324B10}.Debug|Any CPU.ActiveCfg = Debug|Any CPU
		{44124331-C60A-4071-B387-4B8E71324B10}.Debug|Any CPU.Build.0 = Debug|Any CPU
		{44124331-C60A-4071-B387-4B8E71324B10}.Release|Any CPU.ActiveCfg = Release|Any CPU
		{44124331-C60A-4071-B387-4B8E71324B10}.Release|Any CPU.Build.0 = Release|Any CPU
		{6E1D7559-DAA0-41B7-B0E5-8E106072D704}.Debug|Any CPU.ActiveCfg = Debug|Any CPU
		{6E1D7559-DAA0-41B7-B0E5-8E106072D704}.Debug|Any CPU.Build.0 = Debug|Any CPU
		{6E1D7559-DAA0-41B7-B0E5-8E106072D704}.Release|Any CPU.ActiveCfg = Release|Any CPU
		{6E1D7559-DAA0-41B7-B0E5-8E106072D704}.Release|Any CPU.Build.0 = Release|Any CPU
		{DE1ED6BA-EEA3-4136-8732-C39F070CC7F2}.Debug|Any CPU.ActiveCfg = Debug|Any CPU
		{DE1ED6BA-EEA3-4136-8732-C39F070CC7F2}.Debug|Any CPU.Build.0 = Debug|Any CPU
		{DE1ED6BA-EEA3-4136-8732-C39F070CC7F2}.Release|Any CPU.ActiveCfg = Debug|Any CPU
		{DE1ED6BA-EEA3-4136-8732-C39F070CC7F2}.Release|Any CPU.Build.0 = Debug|Any CPU
		{306AD788-87E9-4DF9-A216-95948E024BC8}.Debug|Any CPU.ActiveCfg = Debug|Any CPU
		{306AD788-87E9-4DF9-A216-95948E024BC8}.Debug|Any CPU.Build.0 = Debug|Any CPU
		{306AD788-87E9-4DF9-A216-95948E024BC8}.Release|Any CPU.ActiveCfg = Release|Any CPU
		{306AD788-87E9-4DF9-A216-95948E024BC8}.Release|Any CPU.Build.0 = Release|Any CPU
		{AE48EC97-AFCB-49ED-82F6-8863F9860C9C}.Debug|Any CPU.ActiveCfg = Debug|Any CPU
		{AE48EC97-AFCB-49ED-82F6-8863F9860C9C}.Debug|Any CPU.Build.0 = Debug|Any CPU
		{AE48EC97-AFCB-49ED-82F6-8863F9860C9C}.Release|Any CPU.ActiveCfg = Release|Any CPU
		{AE48EC97-AFCB-49ED-82F6-8863F9860C9C}.Release|Any CPU.Build.0 = Release|Any CPU
		{518C57D4-62CC-47F7-A310-23405F5ED3AD}.Debug|Any CPU.ActiveCfg = Debug|Any CPU
		{518C57D4-62CC-47F7-A310-23405F5ED3AD}.Debug|Any CPU.Build.0 = Debug|Any CPU
		{518C57D4-62CC-47F7-A310-23405F5ED3AD}.Release|Any CPU.ActiveCfg = Release|Any CPU
		{518C57D4-62CC-47F7-A310-23405F5ED3AD}.Release|Any CPU.Build.0 = Release|Any CPU
		{411D4BE8-B1F0-4F61-9AD1-00250D9CC4FA}.Debug|Any CPU.ActiveCfg = Debug|Any CPU
		{411D4BE8-B1F0-4F61-9AD1-00250D9CC4FA}.Debug|Any CPU.Build.0 = Debug|Any CPU
		{411D4BE8-B1F0-4F61-9AD1-00250D9CC4FA}.Release|Any CPU.ActiveCfg = Release|Any CPU
		{411D4BE8-B1F0-4F61-9AD1-00250D9CC4FA}.Release|Any CPU.Build.0 = Release|Any CPU
		{8DAF3989-FF37-470C-A55D-3E7868613AA5}.Debug|Any CPU.ActiveCfg = Debug|Any CPU
		{8DAF3989-FF37-470C-A55D-3E7868613AA5}.Debug|Any CPU.Build.0 = Debug|Any CPU
		{8DAF3989-FF37-470C-A55D-3E7868613AA5}.Release|Any CPU.ActiveCfg = Release|Any CPU
		{8DAF3989-FF37-470C-A55D-3E7868613AA5}.Release|Any CPU.Build.0 = Release|Any CPU
		{85F91198-C10C-47F4-94DF-E65EE65FA542}.Debug|Any CPU.ActiveCfg = Debug|Any CPU
		{85F91198-C10C-47F4-94DF-E65EE65FA542}.Debug|Any CPU.Build.0 = Debug|Any CPU
		{85F91198-C10C-47F4-94DF-E65EE65FA542}.Release|Any CPU.ActiveCfg = Release|Any CPU
		{85F91198-C10C-47F4-94DF-E65EE65FA542}.Release|Any CPU.Build.0 = Release|Any CPU
		{BDD8354D-4691-4C8A-A7B3-9782042DA333}.Debug|Any CPU.ActiveCfg = Debug|Any CPU
		{BDD8354D-4691-4C8A-A7B3-9782042DA333}.Debug|Any CPU.Build.0 = Debug|Any CPU
		{BDD8354D-4691-4C8A-A7B3-9782042DA333}.Release|Any CPU.ActiveCfg = Release|Any CPU
		{BDD8354D-4691-4C8A-A7B3-9782042DA333}.Release|Any CPU.Build.0 = Release|Any CPU
	EndGlobalSection
	GlobalSection(SolutionProperties) = preSolution
		HideSolutionNode = FALSE
	EndGlobalSection
	GlobalSection(NestedProjects) = preSolution
		{28703D12-116A-4968-BD85-F26D7F7E7DA4} = {47D6D365-36CE-43C2-91D0-5A071928C62A}
		{243BB709-3912-4C65-82D4-787A5E2201D7} = {47D6D365-36CE-43C2-91D0-5A071928C62A}
		{DE78B8B7-C0F5-415B-A70B-02194433F450} = {32B4E540-81E6-4E3F-8383-5813786DC899}
		{99DECD28-D3E3-4EA7-ACAE-AB5DFC9913BD} = {32B4E540-81E6-4E3F-8383-5813786DC899}
		{52AE9E3E-6929-4720-AB7A-F9F22B9A8972} = {47D6D365-36CE-43C2-91D0-5A071928C62A}
		{44124331-C60A-4071-B387-4B8E71324B10} = {47D6D365-36CE-43C2-91D0-5A071928C62A}
		{6E1D7559-DAA0-41B7-B0E5-8E106072D704} = {47D6D365-36CE-43C2-91D0-5A071928C62A}
		{E12E9F2A-984B-4340-A62E-E356C716358E} = {00CA952C-4292-47FC-8D03-B525B294B846}
		{B83954AB-3E5F-4778-8BC0-F1CEEDE6F187} = {00CA952C-4292-47FC-8D03-B525B294B846}
		{0A8F2D26-ED54-4A8C-A323-A8018F6DD742} = {00CA952C-4292-47FC-8D03-B525B294B846}
		{169F0BA9-3B0A-43DD-98E2-C9DB1A89CAB0} = {00CA952C-4292-47FC-8D03-B525B294B846}
		{3E6E252D-69D8-4B9A-8E6C-E994697F8090} = {00CA952C-4292-47FC-8D03-B525B294B846}
		{DE1ED6BA-EEA3-4136-8732-C39F070CC7F2} = {E14B88A0-6D55-4C94-AF76-2B1BC4B4C775}
		{306AD788-87E9-4DF9-A216-95948E024BC8} = {E14B88A0-6D55-4C94-AF76-2B1BC4B4C775}
		{AE48EC97-AFCB-49ED-82F6-8863F9860C9C} = {E14B88A0-6D55-4C94-AF76-2B1BC4B4C775}
		{E4A735E0-1C3F-4ED4-BD3A-42A313536994} = {E14B88A0-6D55-4C94-AF76-2B1BC4B4C775}
		{518C57D4-62CC-47F7-A310-23405F5ED3AD} = {E4A735E0-1C3F-4ED4-BD3A-42A313536994}
		{411D4BE8-B1F0-4F61-9AD1-00250D9CC4FA} = {E4A735E0-1C3F-4ED4-BD3A-42A313536994}
		{8DAF3989-FF37-470C-A55D-3E7868613AA5} = {32B4E540-81E6-4E3F-8383-5813786DC899}
		{85F91198-C10C-47F4-94DF-E65EE65FA542} = {E14B88A0-6D55-4C94-AF76-2B1BC4B4C775}
		{BDD8354D-4691-4C8A-A7B3-9782042DA333} = {E14B88A0-6D55-4C94-AF76-2B1BC4B4C775}
	EndGlobalSection
EndGlobal
