
Microsoft Visual Studio Solution File, Format Version 12.00
# Visual Studio 2013
VisualStudioVersion = 12.0.40629.0
MinimumVisualStudioVersion = 10.0.40219.1
Project("{2150E333-8FDC-42A3-9474-1A3956D46DE8}") = "Bridge", "Bridge", "{32B4E540-81E6-4E3F-8383-5813786DC899}"
EndProject
Project("{2150E333-8FDC-42A3-9474-1A3956D46DE8}") = "Frameworks", "Frameworks", "{7C762820-1165-4EB4-B7A3-3BB45DF33CE7}"
EndProject
Project("{2150E333-8FDC-42A3-9474-1A3956D46DE8}") = "Compiler", "Compiler", "{47D6D365-36CE-43C2-91D0-5A071928C62A}"
EndProject
Project("{FAE04EC0-301F-11D3-BF4B-00C04F79EFBC}") = "Bridge.jQuery2", "..\Frameworks\jQuery2\Bridge.jQuery2.csproj", "{BCCFB816-2F7F-4693-A16B-2BC0A7B39085}"
EndProject
Project("{FAE04EC0-301F-11D3-BF4B-00C04F79EFBC}") = "Bridge.Build", "Compiler\Build\Bridge.Build.csproj", "{28703D12-116A-4968-BD85-F26D7F7E7DA4}"
EndProject
Project("{FAE04EC0-301F-11D3-BF4B-00C04F79EFBC}") = "Bridge.Builder", "Compiler\Builder\Bridge.Builder.csproj", "{243BB709-3912-4C65-82D4-787A5E2201D7}"
EndProject
Project("{FAE04EC0-301F-11D3-BF4B-00C04F79EFBC}") = "Bridge.Bootstrap3", "..\Frameworks\Bootstrap3\Bridge.Bootstrap3.csproj", "{E2C8A4F9-8525-40E6-A076-38F91F602975}"
EndProject
Project("{FAE04EC0-301F-11D3-BF4B-00C04F79EFBC}") = "Bridge", "Bridge\Bridge.csproj", "{DE78B8B7-C0F5-415B-A70B-02194433F450}"
EndProject
Project("{FAE04EC0-301F-11D3-BF4B-00C04F79EFBC}") = "Bridge.Html5", "Html5\Bridge.Html5.csproj", "{99DECD28-D3E3-4EA7-ACAE-AB5DFC9913BD}"
EndProject
Project("{FAE04EC0-301F-11D3-BF4B-00C04F79EFBC}") = "Bridge.Contract", "Compiler\Contract\Bridge.Contract.csproj", "{52AE9E3E-6929-4720-AB7A-F9F22B9A8972}"
EndProject
Project("{FAE04EC0-301F-11D3-BF4B-00C04F79EFBC}") = "Bridge.Translator", "Compiler\Translator\Bridge.Translator.csproj", "{44124331-C60A-4071-B387-4B8E71324B10}"
EndProject
Project("{2150E333-8FDC-42A3-9474-1A3956D46DE8}") = "Testing", "Testing", "{4466FE4E-78E3-46A8-BAA4-C304D7FFABD9}"
EndProject
Project("{FAE04EC0-301F-11D3-BF4B-00C04F79EFBC}") = "client", "Testing\tests\client\client.csproj", "{306AD788-87E9-4DF9-A216-95948E024BC8}"
	ProjectSection(ProjectDependencies) = postProject
		{243BB709-3912-4C65-82D4-787A5E2201D7} = {243BB709-3912-4C65-82D4-787A5E2201D7}
		{28703D12-116A-4968-BD85-F26D7F7E7DA4} = {28703D12-116A-4968-BD85-F26D7F7E7DA4}
		{BCCFB816-2F7F-4693-A16B-2BC0A7B39085} = {BCCFB816-2F7F-4693-A16B-2BC0A7B39085}
		{44124331-C60A-4071-B387-4B8E71324B10} = {44124331-C60A-4071-B387-4B8E71324B10}
		{52AE9E3E-6929-4720-AB7A-F9F22B9A8972} = {52AE9E3E-6929-4720-AB7A-F9F22B9A8972}
		{E2C8A4F9-8525-40E6-A076-38F91F602975} = {E2C8A4F9-8525-40E6-A076-38F91F602975}
	EndProjectSection
EndProject
Project("{FAE04EC0-301F-11D3-BF4B-00C04F79EFBC}") = "Bridge.QUnit", "..\Frameworks\QUnit\Bridge.QUnit.csproj", "{96CB97F5-1BAC-433D-B5CE-AD6E7B244F12}"
EndProject
Project("{2150E333-8FDC-42A3-9474-1A3956D46DE8}") = ".nuget", ".nuget", "{42D82A7C-EC6C-4C9F-A169-3F22275ED2BB}"
	ProjectSection(SolutionItems) = preProject
		.nuget\NuGet.Config = .nuget\NuGet.Config
		.nuget\NuGet.exe = .nuget\NuGet.exe
		.nuget\NuGet.targets = .nuget\NuGet.targets
	EndProjectSection
EndProject
Project("{FAE04EC0-301F-11D3-BF4B-00C04F79EFBC}") = "typeScriptBridge", "Testing\tests\typeScriptBridge\typeScriptBridge.csproj", "{518C57D4-62CC-47F7-A310-23405F5ED3AD}"
	ProjectSection(ProjectDependencies) = postProject
		{243BB709-3912-4C65-82D4-787A5E2201D7} = {243BB709-3912-4C65-82D4-787A5E2201D7}
		{28703D12-116A-4968-BD85-F26D7F7E7DA4} = {28703D12-116A-4968-BD85-F26D7F7E7DA4}
		{BCCFB816-2F7F-4693-A16B-2BC0A7B39085} = {BCCFB816-2F7F-4693-A16B-2BC0A7B39085}
		{44124331-C60A-4071-B387-4B8E71324B10} = {44124331-C60A-4071-B387-4B8E71324B10}
		{52AE9E3E-6929-4720-AB7A-F9F22B9A8972} = {52AE9E3E-6929-4720-AB7A-F9F22B9A8972}
		{306AD788-87E9-4DF9-A216-95948E024BC8} = {306AD788-87E9-4DF9-A216-95948E024BC8}
		{2F36A7E8-FC89-49A9-8161-5BBBE8F66A3A} = {2F36A7E8-FC89-49A9-8161-5BBBE8F66A3A}
		{E2C8A4F9-8525-40E6-A076-38F91F602975} = {E2C8A4F9-8525-40E6-A076-38F91F602975}
	EndProjectSection
EndProject
Project("{FAE04EC0-301F-11D3-BF4B-00C04F79EFBC}") = "typeScriptHtml", "Testing\tests\typeScriptHtml\typeScriptHtml.csproj", "{411D4BE8-B1F0-4F61-9AD1-00250D9CC4FA}"
	ProjectSection(ProjectDependencies) = postProject
		{518C57D4-62CC-47F7-A310-23405F5ED3AD} = {518C57D4-62CC-47F7-A310-23405F5ED3AD}
	EndProjectSection
EndProject
Project("{FAE04EC0-301F-11D3-BF4B-00C04F79EFBC}") = "Bridge.Translator.Tests", "Compiler\TranslatorTests\Bridge.Translator.Tests.csproj", "{6E1D7559-DAA0-41B7-B0E5-8E106072D704}"
	ProjectSection(ProjectDependencies) = postProject
		{DE78B8B7-C0F5-415B-A70B-02194433F450} = {DE78B8B7-C0F5-415B-A70B-02194433F450}
	EndProjectSection
EndProject
Project("{FAE04EC0-301F-11D3-BF4B-00C04F79EFBC}") = "Bridge.Collections", "..\Frameworks\Collections\Bridge.Collections.csproj", "{2F36A7E8-FC89-49A9-8161-5BBBE8F66A3A}"
	ProjectSection(ProjectDependencies) = postProject
		{243BB709-3912-4C65-82D4-787A5E2201D7} = {243BB709-3912-4C65-82D4-787A5E2201D7}
		{28703D12-116A-4968-BD85-F26D7F7E7DA4} = {28703D12-116A-4968-BD85-F26D7F7E7DA4}
		{44124331-C60A-4071-B387-4B8E71324B10} = {44124331-C60A-4071-B387-4B8E71324B10}
		{52AE9E3E-6929-4720-AB7A-F9F22B9A8972} = {52AE9E3E-6929-4720-AB7A-F9F22B9A8972}
		{6E1D7559-DAA0-41B7-B0E5-8E106072D704} = {6E1D7559-DAA0-41B7-B0E5-8E106072D704}
	EndProjectSection
EndProject
Project("{2150E333-8FDC-42A3-9474-1A3956D46DE8}") = "www", "www", "{F8D2127F-7042-40D2-8ABC-0E3F58D09C42}"
	ProjectSection(SolutionItems) = preProject
		Testing\www\index.html = Testing\www\index.html
		Testing\www\testFramework.html = Testing\www\testFramework.html
		Testing\www\testTypeScript.html = Testing\www\testTypeScript.html
	EndProjectSection
EndProject
Project("{FAE04EC0-301F-11D3-BF4B-00C04F79EFBC}") = "Bridge.AngularJS", "..\Frameworks\AngularJS\Bridge.AngularJS.csproj", "{CFD49E9D-FA2D-46A6-B50D-8D114F07C07C}"
EndProject
Global
	GlobalSection(SolutionConfigurationPlatforms) = preSolution
		Debug|Any CPU = Debug|Any CPU
		Release|Any CPU = Release|Any CPU
	EndGlobalSection
	GlobalSection(ProjectConfigurationPlatforms) = postSolution
		{BCCFB816-2F7F-4693-A16B-2BC0A7B39085}.Debug|Any CPU.ActiveCfg = Debug|Any CPU
		{BCCFB816-2F7F-4693-A16B-2BC0A7B39085}.Debug|Any CPU.Build.0 = Debug|Any CPU
		{BCCFB816-2F7F-4693-A16B-2BC0A7B39085}.Release|Any CPU.ActiveCfg = Release|Any CPU
		{BCCFB816-2F7F-4693-A16B-2BC0A7B39085}.Release|Any CPU.Build.0 = Release|Any CPU
		{28703D12-116A-4968-BD85-F26D7F7E7DA4}.Debug|Any CPU.ActiveCfg = Debug|Any CPU
		{28703D12-116A-4968-BD85-F26D7F7E7DA4}.Debug|Any CPU.Build.0 = Debug|Any CPU
		{28703D12-116A-4968-BD85-F26D7F7E7DA4}.Release|Any CPU.ActiveCfg = Release|Any CPU
		{28703D12-116A-4968-BD85-F26D7F7E7DA4}.Release|Any CPU.Build.0 = Release|Any CPU
		{243BB709-3912-4C65-82D4-787A5E2201D7}.Debug|Any CPU.ActiveCfg = Debug|Any CPU
		{243BB709-3912-4C65-82D4-787A5E2201D7}.Debug|Any CPU.Build.0 = Debug|Any CPU
		{243BB709-3912-4C65-82D4-787A5E2201D7}.Release|Any CPU.ActiveCfg = Release|Any CPU
		{243BB709-3912-4C65-82D4-787A5E2201D7}.Release|Any CPU.Build.0 = Release|Any CPU
		{E2C8A4F9-8525-40E6-A076-38F91F602975}.Debug|Any CPU.ActiveCfg = Debug|Any CPU
		{E2C8A4F9-8525-40E6-A076-38F91F602975}.Debug|Any CPU.Build.0 = Debug|Any CPU
		{E2C8A4F9-8525-40E6-A076-38F91F602975}.Release|Any CPU.ActiveCfg = Release|Any CPU
		{E2C8A4F9-8525-40E6-A076-38F91F602975}.Release|Any CPU.Build.0 = Release|Any CPU
		{DE78B8B7-C0F5-415B-A70B-02194433F450}.Debug|Any CPU.ActiveCfg = Debug|Any CPU
		{DE78B8B7-C0F5-415B-A70B-02194433F450}.Debug|Any CPU.Build.0 = Debug|Any CPU
		{DE78B8B7-C0F5-415B-A70B-02194433F450}.Release|Any CPU.ActiveCfg = Release|Any CPU
		{DE78B8B7-C0F5-415B-A70B-02194433F450}.Release|Any CPU.Build.0 = Release|Any CPU
		{99DECD28-D3E3-4EA7-ACAE-AB5DFC9913BD}.Debug|Any CPU.ActiveCfg = Debug|Any CPU
		{99DECD28-D3E3-4EA7-ACAE-AB5DFC9913BD}.Debug|Any CPU.Build.0 = Debug|Any CPU
		{99DECD28-D3E3-4EA7-ACAE-AB5DFC9913BD}.Release|Any CPU.ActiveCfg = Release|Any CPU
		{99DECD28-D3E3-4EA7-ACAE-AB5DFC9913BD}.Release|Any CPU.Build.0 = Release|Any CPU
		{52AE9E3E-6929-4720-AB7A-F9F22B9A8972}.Debug|Any CPU.ActiveCfg = Debug|Any CPU
		{52AE9E3E-6929-4720-AB7A-F9F22B9A8972}.Debug|Any CPU.Build.0 = Debug|Any CPU
		{52AE9E3E-6929-4720-AB7A-F9F22B9A8972}.Release|Any CPU.ActiveCfg = Release|Any CPU
		{52AE9E3E-6929-4720-AB7A-F9F22B9A8972}.Release|Any CPU.Build.0 = Release|Any CPU
		{44124331-C60A-4071-B387-4B8E71324B10}.Debug|Any CPU.ActiveCfg = Debug|Any CPU
		{44124331-C60A-4071-B387-4B8E71324B10}.Debug|Any CPU.Build.0 = Debug|Any CPU
		{44124331-C60A-4071-B387-4B8E71324B10}.Release|Any CPU.ActiveCfg = Release|Any CPU
		{44124331-C60A-4071-B387-4B8E71324B10}.Release|Any CPU.Build.0 = Release|Any CPU
		{306AD788-87E9-4DF9-A216-95948E024BC8}.Debug|Any CPU.ActiveCfg = Debug|Any CPU
		{306AD788-87E9-4DF9-A216-95948E024BC8}.Debug|Any CPU.Build.0 = Debug|Any CPU
		{306AD788-87E9-4DF9-A216-95948E024BC8}.Release|Any CPU.ActiveCfg = Release|Any CPU
		{306AD788-87E9-4DF9-A216-95948E024BC8}.Release|Any CPU.Build.0 = Release|Any CPU
		{96CB97F5-1BAC-433D-B5CE-AD6E7B244F12}.Debug|Any CPU.ActiveCfg = Debug|Any CPU
		{96CB97F5-1BAC-433D-B5CE-AD6E7B244F12}.Debug|Any CPU.Build.0 = Debug|Any CPU
		{96CB97F5-1BAC-433D-B5CE-AD6E7B244F12}.Release|Any CPU.ActiveCfg = Release|Any CPU
		{96CB97F5-1BAC-433D-B5CE-AD6E7B244F12}.Release|Any CPU.Build.0 = Release|Any CPU
		{518C57D4-62CC-47F7-A310-23405F5ED3AD}.Debug|Any CPU.ActiveCfg = Debug|Any CPU
		{518C57D4-62CC-47F7-A310-23405F5ED3AD}.Debug|Any CPU.Build.0 = Debug|Any CPU
		{518C57D4-62CC-47F7-A310-23405F5ED3AD}.Release|Any CPU.ActiveCfg = Release|Any CPU
		{518C57D4-62CC-47F7-A310-23405F5ED3AD}.Release|Any CPU.Build.0 = Release|Any CPU
		{411D4BE8-B1F0-4F61-9AD1-00250D9CC4FA}.Debug|Any CPU.ActiveCfg = Debug|Any CPU
		{411D4BE8-B1F0-4F61-9AD1-00250D9CC4FA}.Debug|Any CPU.Build.0 = Debug|Any CPU
		{411D4BE8-B1F0-4F61-9AD1-00250D9CC4FA}.Release|Any CPU.ActiveCfg = Release|Any CPU
		{411D4BE8-B1F0-4F61-9AD1-00250D9CC4FA}.Release|Any CPU.Build.0 = Release|Any CPU
		{6E1D7559-DAA0-41B7-B0E5-8E106072D704}.Debug|Any CPU.ActiveCfg = Debug|Any CPU
		{6E1D7559-DAA0-41B7-B0E5-8E106072D704}.Debug|Any CPU.Build.0 = Debug|Any CPU
		{6E1D7559-DAA0-41B7-B0E5-8E106072D704}.Release|Any CPU.ActiveCfg = Release|Any CPU
		{6E1D7559-DAA0-41B7-B0E5-8E106072D704}.Release|Any CPU.Build.0 = Release|Any CPU
		{2F36A7E8-FC89-49A9-8161-5BBBE8F66A3A}.Debug|Any CPU.ActiveCfg = Debug|Any CPU
		{2F36A7E8-FC89-49A9-8161-5BBBE8F66A3A}.Debug|Any CPU.Build.0 = Debug|Any CPU
		{2F36A7E8-FC89-49A9-8161-5BBBE8F66A3A}.Release|Any CPU.ActiveCfg = Release|Any CPU
		{2F36A7E8-FC89-49A9-8161-5BBBE8F66A3A}.Release|Any CPU.Build.0 = Release|Any CPU
		{CFD49E9D-FA2D-46A6-B50D-8D114F07C07C}.Debug|Any CPU.ActiveCfg = Debug|Any CPU
		{CFD49E9D-FA2D-46A6-B50D-8D114F07C07C}.Debug|Any CPU.Build.0 = Debug|Any CPU
		{CFD49E9D-FA2D-46A6-B50D-8D114F07C07C}.Release|Any CPU.ActiveCfg = Release|Any CPU
		{CFD49E9D-FA2D-46A6-B50D-8D114F07C07C}.Release|Any CPU.Build.0 = Release|Any CPU
	EndGlobalSection
	GlobalSection(SolutionProperties) = preSolution
		HideSolutionNode = FALSE
	EndGlobalSection
	GlobalSection(NestedProjects) = preSolution
		{BCCFB816-2F7F-4693-A16B-2BC0A7B39085} = {7C762820-1165-4EB4-B7A3-3BB45DF33CE7}
		{28703D12-116A-4968-BD85-F26D7F7E7DA4} = {47D6D365-36CE-43C2-91D0-5A071928C62A}
		{243BB709-3912-4C65-82D4-787A5E2201D7} = {47D6D365-36CE-43C2-91D0-5A071928C62A}
		{E2C8A4F9-8525-40E6-A076-38F91F602975} = {7C762820-1165-4EB4-B7A3-3BB45DF33CE7}
		{DE78B8B7-C0F5-415B-A70B-02194433F450} = {32B4E540-81E6-4E3F-8383-5813786DC899}
		{99DECD28-D3E3-4EA7-ACAE-AB5DFC9913BD} = {32B4E540-81E6-4E3F-8383-5813786DC899}
		{52AE9E3E-6929-4720-AB7A-F9F22B9A8972} = {47D6D365-36CE-43C2-91D0-5A071928C62A}
		{44124331-C60A-4071-B387-4B8E71324B10} = {47D6D365-36CE-43C2-91D0-5A071928C62A}
		{306AD788-87E9-4DF9-A216-95948E024BC8} = {4466FE4E-78E3-46A8-BAA4-C304D7FFABD9}
		{96CB97F5-1BAC-433D-B5CE-AD6E7B244F12} = {7C762820-1165-4EB4-B7A3-3BB45DF33CE7}
		{518C57D4-62CC-47F7-A310-23405F5ED3AD} = {4466FE4E-78E3-46A8-BAA4-C304D7FFABD9}
		{411D4BE8-B1F0-4F61-9AD1-00250D9CC4FA} = {4466FE4E-78E3-46A8-BAA4-C304D7FFABD9}
		{6E1D7559-DAA0-41B7-B0E5-8E106072D704} = {47D6D365-36CE-43C2-91D0-5A071928C62A}
		{2F36A7E8-FC89-49A9-8161-5BBBE8F66A3A} = {7C762820-1165-4EB4-B7A3-3BB45DF33CE7}
		{F8D2127F-7042-40D2-8ABC-0E3F58D09C42} = {4466FE4E-78E3-46A8-BAA4-C304D7FFABD9}
		{CFD49E9D-FA2D-46A6-B50D-8D114F07C07C} = {7C762820-1165-4EB4-B7A3-3BB45DF33CE7}
	EndGlobalSection
EndGlobal
